
Microsoft Visual Studio Solution File, Format Version 12.00
# Visual Studio Version 17
VisualStudioVersion = 17.14.36518.9 d17.14
MinimumVisualStudioVersion = 10.0.40219.1
Project("{FAE04EC0-301F-11D3-BF4B-00C04F79EFBC}") = "InventoryManagementApp", "InventoryManagementApp\InventoryManagementApp.csproj", "{1F12A67A-021F-4999-8644-AF000634E39D}"
EndProject
Global
	GlobalSection(SolutionConfigurationPlatforms) = preSolution
		Debug|Any CPU = Debug|Any CPU
		Release|Any CPU = Release|Any CPU
	EndGlobalSection
	GlobalSection(ProjectConfigurationPlatforms) = postSolution
		{1F12A67A-021F-4999-8644-AF000634E39D}.Debug|Any CPU.ActiveCfg = Debug|Any CPU
		{1F12A67A-021F-4999-8644-AF000634E39D}.Debug|Any CPU.Build.0 = Debug|Any CPU
		{1F12A67A-021F-4999-8644-AF000634E39D}.Release|Any CPU.ActiveCfg = Release|Any CPU
		{1F12A67A-021F-4999-8644-AF000634E39D}.Release|Any CPU.Build.0 = Release|Any CPU
	EndGlobalSection
	GlobalSection(SolutionProperties) = preSolution
		HideSolutionNode = FALSE
	EndGlobalSection
	GlobalSection(ExtensibilityGlobals) = postSolution
		SolutionGuid = {9FDE01C7-4B0E-469D-9321-D85BB51BF4DD}
	EndGlobalSection
EndGlobal
